
Microsoft Visual Studio Solution File, Format Version 12.00
# Visual Studio Version 17
VisualStudioVersion = 17.5.33530.505
MinimumVisualStudioVersion = 10.0.40219.1
Project("{9A19103F-16F7-4668-BE54-9A1E7A4F7556}") = "SteamClient", "SteamClient\SteamClient.csproj", "{D1F6DCC2-58CD-46E7-AEC1-683FB0775F10}"
EndProject
Global
	GlobalSection(SolutionConfigurationPlatforms) = preSolution
		Debug|Any CPU = Debug|Any CPU
		Release|Any CPU = Release|Any CPU
	EndGlobalSection
	GlobalSection(ProjectConfigurationPlatforms) = postSolution
		{D1F6DCC2-58CD-46E7-AEC1-683FB0775F10}.Debug|Any CPU.ActiveCfg = Debug|Any CPU
		{D1F6DCC2-58CD-46E7-AEC1-683FB0775F10}.Debug|Any CPU.Build.0 = Debug|Any CPU
		{D1F6DCC2-58CD-46E7-AEC1-683FB0775F10}.Release|Any CPU.ActiveCfg = Release|Any CPU
		{D1F6DCC2-58CD-46E7-AEC1-683FB0775F10}.Release|Any CPU.Build.0 = Release|Any CPU
	EndGlobalSection
	GlobalSection(SolutionProperties) = preSolution
		HideSolutionNode = FALSE
	EndGlobalSection
	GlobalSection(ExtensibilityGlobals) = postSolution
		SolutionGuid = {0EEA7468-49FB-4E64-904C-CA160DC368AD}
	EndGlobalSection
EndGlobal
